
Microsoft Visual Studio Solution File, Format Version 12.00
# Visual Studio Version 16
VisualStudioVersion = 16.0.30717.126
MinimumVisualStudioVersion = 10.0.40219.1
Project("{8BC9CEB8-8B4A-11D0-8D11-00A0C91BC942}") = "lab1.6", "lab1.6.vcxproj", "{92B4BC72-EF56-420F-A85B-DC08A52E8605}"
EndProject
Project("{8BC9CEB8-8B4A-11D0-8D11-00A0C91BC942}") = "UnitTest1", "UnitTest1\UnitTest1.vcxproj", "{1C32E54E-AE57-4028-B5CE-4974544255ED}"
EndProject
Global
	GlobalSection(SolutionConfigurationPlatforms) = preSolution
		Debug|x64 = Debug|x64
		Debug|x86 = Debug|x86
		Release|x64 = Release|x64
		Release|x86 = Release|x86
	EndGlobalSection
	GlobalSection(ProjectConfigurationPlatforms) = postSolution
		{92B4BC72-EF56-420F-A85B-DC08A52E8605}.Debug|x64.ActiveCfg = Debug|x64
		{92B4BC72-EF56-420F-A85B-DC08A52E8605}.Debug|x64.Build.0 = Debug|x64
		{92B4BC72-EF56-420F-A85B-DC08A52E8605}.Debug|x86.ActiveCfg = Debug|Win32
		{92B4BC72-EF56-420F-A85B-DC08A52E8605}.Debug|x86.Build.0 = Debug|Win32
		{92B4BC72-EF56-420F-A85B-DC08A52E8605}.Release|x64.ActiveCfg = Release|x64
		{92B4BC72-EF56-420F-A85B-DC08A52E8605}.Release|x64.Build.0 = Release|x64
		{92B4BC72-EF56-420F-A85B-DC08A52E8605}.Release|x86.ActiveCfg = Release|Win32
		{92B4BC72-EF56-420F-A85B-DC08A52E8605}.Release|x86.Build.0 = Release|Win32
		{1C32E54E-AE57-4028-B5CE-4974544255ED}.Debug|x64.ActiveCfg = Debug|x64
		{1C32E54E-AE57-4028-B5CE-4974544255ED}.Debug|x64.Build.0 = Debug|x64
		{1C32E54E-AE57-4028-B5CE-4974544255ED}.Debug|x86.ActiveCfg = Debug|Win32
		{1C32E54E-AE57-4028-B5CE-4974544255ED}.Debug|x86.Build.0 = Debug|Win32
		{1C32E54E-AE57-4028-B5CE-4974544255ED}.Release|x64.ActiveCfg = Release|x64
		{1C32E54E-AE57-4028-B5CE-4974544255ED}.Release|x64.Build.0 = Release|x64
		{1C32E54E-AE57-4028-B5CE-4974544255ED}.Release|x86.ActiveCfg = Release|Win32
		{1C32E54E-AE57-4028-B5CE-4974544255ED}.Release|x86.Build.0 = Release|Win32
	EndGlobalSection
	GlobalSection(SolutionProperties) = preSolution
		HideSolutionNode = FALSE
	EndGlobalSection
	GlobalSection(ExtensibilityGlobals) = postSolution
		SolutionGuid = {62C2D7D0-6472-4DCB-B37C-32A7B349AF74}
	EndGlobalSection
EndGlobal
